
Microsoft Visual Studio Solution File, Format Version 12.00
# Visual Studio Version 17
VisualStudioVersion = 17.0.31903.59
MinimumVisualStudioVersion = 10.0.40219.1
Project("{FAE04EC0-301F-11D3-BF4B-00C04F79EFBC}") = "ShowKeys", "ShowKeys\ShowKeys.csproj", "{3F345F15-7449-4FB3-A416-593044E44CBC}"
EndProject
Project("{930C7802-8A8C-48F9-8165-68863BCCD9DD}") = "Installer", "Installer\Installer.wixproj", "{DBD2FA3A-EFE2-48F6-93D2-913BF3F69A75}"
EndProject
Global
	GlobalSection(SolutionConfigurationPlatforms) = preSolution
		Debug|Any CPU = Debug|Any CPU
		Debug|x64 = Debug|x64
		Debug|x86 = Debug|x86
		Release|Any CPU = Release|Any CPU
		Release|x64 = Release|x64
		Release|x86 = Release|x86
	EndGlobalSection
	GlobalSection(ProjectConfigurationPlatforms) = postSolution
		{3F345F15-7449-4FB3-A416-593044E44CBC}.Debug|Any CPU.ActiveCfg = Debug|Any CPU
		{3F345F15-7449-4FB3-A416-593044E44CBC}.Debug|Any CPU.Build.0 = Debug|Any CPU
		{3F345F15-7449-4FB3-A416-593044E44CBC}.Debug|x64.ActiveCfg = Debug|Any CPU
		{3F345F15-7449-4FB3-A416-593044E44CBC}.Debug|x64.Build.0 = Debug|Any CPU
		{3F345F15-7449-4FB3-A416-593044E44CBC}.Debug|x86.ActiveCfg = Debug|Any CPU
		{3F345F15-7449-4FB3-A416-593044E44CBC}.Debug|x86.Build.0 = Debug|Any CPU
		{3F345F15-7449-4FB3-A416-593044E44CBC}.Release|Any CPU.ActiveCfg = Release|Any CPU
		{3F345F15-7449-4FB3-A416-593044E44CBC}.Release|Any CPU.Build.0 = Release|Any CPU
		{3F345F15-7449-4FB3-A416-593044E44CBC}.Release|x64.ActiveCfg = Release|Any CPU
		{3F345F15-7449-4FB3-A416-593044E44CBC}.Release|x64.Build.0 = Release|Any CPU
		{3F345F15-7449-4FB3-A416-593044E44CBC}.Release|x86.ActiveCfg = Release|Any CPU
		{3F345F15-7449-4FB3-A416-593044E44CBC}.Release|x86.Build.0 = Release|Any CPU
		{DBD2FA3A-EFE2-48F6-93D2-913BF3F69A75}.Debug|Any CPU.ActiveCfg = Debug|Any CPU
		{DBD2FA3A-EFE2-48F6-93D2-913BF3F69A75}.Debug|x64.ActiveCfg = Debug|Any CPU
		{DBD2FA3A-EFE2-48F6-93D2-913BF3F69A75}.Debug|x86.ActiveCfg = Debug|Any CPU
		{DBD2FA3A-EFE2-48F6-93D2-913BF3F69A75}.Release|Any CPU.ActiveCfg = Release|Any CPU
		{DBD2FA3A-EFE2-48F6-93D2-913BF3F69A75}.Release|x64.ActiveCfg = Release|Any CPU
		{DBD2FA3A-EFE2-48F6-93D2-913BF3F69A75}.Release|x86.ActiveCfg = Release|Any CPU
	EndGlobalSection
	GlobalSection(SolutionProperties) = preSolution
		HideSolutionNode = FALSE
	EndGlobalSection
EndGlobal
